// !$*UTF8*$!
{
	archiveVersion = 1;
	classes = {
	};
	objectVersion = 56;
	objects = {

/* Begin PBXBuildFile section */
		73FE280C29E7AF6700E66930 /* AppDelegate.swift in Sources */ = {isa = PBXBuildFile; fileRef = 73FE280B29E7AF6700E66930 /* AppDelegate.swift */; };
		73FE280E29E7AF6700E66930 /* SceneDelegate.swift in Sources */ = {isa = PBXBuildFile; fileRef = 73FE280D29E7AF6700E66930 /* SceneDelegate.swift */; };
		73FE281329E7AF6800E66930 /* Main.storyboard in Resources */ = {isa = PBXBuildFile; fileRef = 73FE281129E7AF6800E66930 /* Main.storyboard */; };
		73FE281529E7AF6A00E66930 /* Assets.xcassets in Resources */ = {isa = PBXBuildFile; fileRef = 73FE281429E7AF6A00E66930 /* Assets.xcassets */; };
		73FE281829E7AF6A00E66930 /* LaunchScreen.storyboard in Resources */ = {isa = PBXBuildFile; fileRef = 73FE281629E7AF6A00E66930 /* LaunchScreen.storyboard */; };
		73FE282829E7BC3300E66930 /* RMLocation.swift in Sources */ = {isa = PBXBuildFile; fileRef = 73FE282729E7BC3300E66930 /* RMLocation.swift */; };
		73FE282B29E7BC7B00E66930 /* RMEpisode.swift in Sources */ = {isa = PBXBuildFile; fileRef = 73FE282A29E7BC7B00E66930 /* RMEpisode.swift */; };
		73FE282D29E7BC9600E66930 /* RMCharacter.swift in Sources */ = {isa = PBXBuildFile; fileRef = 73FE282C29E7BC9600E66930 /* RMCharacter.swift */; };
		73FE283029E7BD7900E66930 /* RMTabViewController.swift in Sources */ = {isa = PBXBuildFile; fileRef = 73FE282F29E7BD7900E66930 /* RMTabViewController.swift */; };
		73FE283229E7BE0900E66930 /* RMCharecterViewController.swift in Sources */ = {isa = PBXBuildFile; fileRef = 73FE283129E7BE0900E66930 /* RMCharecterViewController.swift */; };
		73FE283429E7BEFE00E66930 /* RMLocationViewController.swift in Sources */ = {isa = PBXBuildFile; fileRef = 73FE283329E7BEFE00E66930 /* RMLocationViewController.swift */; };
		73FE283629E7BF4B00E66930 /* RMEpisodeViewController.swift in Sources */ = {isa = PBXBuildFile; fileRef = 73FE283529E7BF4B00E66930 /* RMEpisodeViewController.swift */; };
		73FE283829E7BF7900E66930 /* RMSettingViewController.swift in Sources */ = {isa = PBXBuildFile; fileRef = 73FE283729E7BF7900E66930 /* RMSettingViewController.swift */; };
		73FE283A29E7D28A00E66930 /* RMService.swift in Sources */ = {isa = PBXBuildFile; fileRef = 73FE283929E7D28A00E66930 /* RMService.swift */; };
		73FE283C29E7D2A200E66930 /* RMRequest.swift in Sources */ = {isa = PBXBuildFile; fileRef = 73FE283B29E7D2A200E66930 /* RMRequest.swift */; };
		73FE283E29E7D34E00E66930 /* RMEndpoint.swift in Sources */ = {isa = PBXBuildFile; fileRef = 73FE283D29E7D34E00E66930 /* RMEndpoint.swift */; };
		73FE284029E7D70600E66930 /* RMOrigin.swift in Sources */ = {isa = PBXBuildFile; fileRef = 73FE283F29E7D70600E66930 /* RMOrigin.swift */; };
		73FE284229E7D78800E66930 /* RMSingleLocation.swift in Sources */ = {isa = PBXBuildFile; fileRef = 73FE284129E7D78800E66930 /* RMSingleLocation.swift */; };
		73FE284429E7D91B00E66930 /* RMCharacterStatus.swift in Sources */ = {isa = PBXBuildFile; fileRef = 73FE284329E7D91B00E66930 /* RMCharacterStatus.swift */; };
		73FE284629E7D94400E66930 /* RMCharacterGender.swift in Sources */ = {isa = PBXBuildFile; fileRef = 73FE284529E7D94400E66930 /* RMCharacterGender.swift */; };
		73FE284B29EF936700E66930 /* RMGetAllCharatctersResponse.swift in Sources */ = {isa = PBXBuildFile; fileRef = 73FE284A29EF936700E66930 /* RMGetAllCharatctersResponse.swift */; };
/* End PBXBuildFile section */

/* Begin PBXFileReference section */
		73FE280829E7AF6700E66930 /* RickAndMorty.app */ = {isa = PBXFileReference; explicitFileType = wrapper.application; includeInIndex = 0; path = RickAndMorty.app; sourceTree = BUILT_PRODUCTS_DIR; };
		73FE280B29E7AF6700E66930 /* AppDelegate.swift */ = {isa = PBXFileReference; lastKnownFileType = sourcecode.swift; path = AppDelegate.swift; sourceTree = "<group>"; };
		73FE280D29E7AF6700E66930 /* SceneDelegate.swift */ = {isa = PBXFileReference; lastKnownFileType = sourcecode.swift; path = SceneDelegate.swift; sourceTree = "<group>"; };
		73FE281229E7AF6800E66930 /* Base */ = {isa = PBXFileReference; lastKnownFileType = file.storyboard; name = Base; path = Base.lproj/Main.storyboard; sourceTree = "<group>"; };
		73FE281429E7AF6A00E66930 /* Assets.xcassets */ = {isa = PBXFileReference; lastKnownFileType = folder.assetcatalog; path = Assets.xcassets; sourceTree = "<group>"; };
		73FE281729E7AF6A00E66930 /* Base */ = {isa = PBXFileReference; lastKnownFileType = file.storyboard; name = Base; path = Base.lproj/LaunchScreen.storyboard; sourceTree = "<group>"; };
		73FE281929E7AF6A00E66930 /* Info.plist */ = {isa = PBXFileReference; lastKnownFileType = text.plist.xml; path = Info.plist; sourceTree = "<group>"; };
		73FE282729E7BC3300E66930 /* RMLocation.swift */ = {isa = PBXFileReference; lastKnownFileType = sourcecode.swift; path = RMLocation.swift; sourceTree = "<group>"; };
		73FE282A29E7BC7B00E66930 /* RMEpisode.swift */ = {isa = PBXFileReference; lastKnownFileType = sourcecode.swift; path = RMEpisode.swift; sourceTree = "<group>"; };
		73FE282C29E7BC9600E66930 /* RMCharacter.swift */ = {isa = PBXFileReference; lastKnownFileType = sourcecode.swift; path = RMCharacter.swift; sourceTree = "<group>"; };
		73FE282F29E7BD7900E66930 /* RMTabViewController.swift */ = {isa = PBXFileReference; lastKnownFileType = sourcecode.swift; path = RMTabViewController.swift; sourceTree = "<group>"; };
		73FE283129E7BE0900E66930 /* RMCharecterViewController.swift */ = {isa = PBXFileReference; lastKnownFileType = sourcecode.swift; path = RMCharecterViewController.swift; sourceTree = "<group>"; };
		73FE283329E7BEFE00E66930 /* RMLocationViewController.swift */ = {isa = PBXFileReference; lastKnownFileType = sourcecode.swift; path = RMLocationViewController.swift; sourceTree = "<group>"; };
		73FE283529E7BF4B00E66930 /* RMEpisodeViewController.swift */ = {isa = PBXFileReference; lastKnownFileType = sourcecode.swift; path = RMEpisodeViewController.swift; sourceTree = "<group>"; };
		73FE283729E7BF7900E66930 /* RMSettingViewController.swift */ = {isa = PBXFileReference; lastKnownFileType = sourcecode.swift; path = RMSettingViewController.swift; sourceTree = "<group>"; };
		73FE283929E7D28A00E66930 /* RMService.swift */ = {isa = PBXFileReference; lastKnownFileType = sourcecode.swift; path = RMService.swift; sourceTree = "<group>"; };
		73FE283B29E7D2A200E66930 /* RMRequest.swift */ = {isa = PBXFileReference; lastKnownFileType = sourcecode.swift; path = RMRequest.swift; sourceTree = "<group>"; };
		73FE283D29E7D34E00E66930 /* RMEndpoint.swift */ = {isa = PBXFileReference; lastKnownFileType = sourcecode.swift; path = RMEndpoint.swift; sourceTree = "<group>"; };
		73FE283F29E7D70600E66930 /* RMOrigin.swift */ = {isa = PBXFileReference; lastKnownFileType = sourcecode.swift; path = RMOrigin.swift; sourceTree = "<group>"; };
		73FE284129E7D78800E66930 /* RMSingleLocation.swift */ = {isa = PBXFileReference; lastKnownFileType = sourcecode.swift; path = RMSingleLocation.swift; sourceTree = "<group>"; };
		73FE284329E7D91B00E66930 /* RMCharacterStatus.swift */ = {isa = PBXFileReference; lastKnownFileType = sourcecode.swift; path = RMCharacterStatus.swift; sourceTree = "<group>"; };
		73FE284529E7D94400E66930 /* RMCharacterGender.swift */ = {isa = PBXFileReference; lastKnownFileType = sourcecode.swift; path = RMCharacterGender.swift; sourceTree = "<group>"; };
		73FE284A29EF936700E66930 /* RMGetAllCharatctersResponse.swift */ = {isa = PBXFileReference; lastKnownFileType = sourcecode.swift; path = RMGetAllCharatctersResponse.swift; sourceTree = "<group>"; };
/* End PBXFileReference section */

/* Begin PBXFrameworksBuildPhase section */
		73FE280529E7AF6700E66930 /* Frameworks */ = {
			isa = PBXFrameworksBuildPhase;
			buildActionMask = 2147483647;
			files = (
			);
			runOnlyForDeploymentPostprocessing = 0;
		};
/* End PBXFrameworksBuildPhase section */

/* Begin PBXGroup section */
		73FE27FF29E7AF6700E66930 = {
			isa = PBXGroup;
			children = (
				73FE280A29E7AF6700E66930 /* RickAndMorty */,
				73FE280929E7AF6700E66930 /* Products */,
			);
			sourceTree = "<group>";
		};
		73FE280929E7AF6700E66930 /* Products */ = {
			isa = PBXGroup;
			children = (
				73FE280829E7AF6700E66930 /* RickAndMorty.app */,
			);
			name = Products;
			sourceTree = "<group>";
		};
		73FE280A29E7AF6700E66930 /* RickAndMorty */ = {
			isa = PBXGroup;
			children = (
				73FE282629E7B93F00E66930 /* Resources */,
				73FE282529E7B93200E66930 /* Managers */,
				73FE282429E7B92500E66930 /* APIClient */,
				73FE282329E7B91D00E66930 /* ViewModels */,
				73FE282229E7B91300E66930 /* Views */,
				73FE282129E7B90700E66930 /* Models */,
				73FE282029E7B8D900E66930 /* Controller */,
				73FE281129E7AF6800E66930 /* Main.storyboard */,
				73FE281929E7AF6A00E66930 /* Info.plist */,
			);
			path = RickAndMorty;
			sourceTree = "<group>";
		};
		73FE282029E7B8D900E66930 /* Controller */ = {
			isa = PBXGroup;
			children = (
				73FE282E29E7BD0300E66930 /* Core */,
			);
			path = Controller;
			sourceTree = "<group>";
		};
		73FE282129E7B90700E66930 /* Models */ = {
			isa = PBXGroup;
			children = (
				73FE284929EF932400E66930 /* APIResponseTypes */,
				73FE284729EF92B500E66930 /* DataTypes */,
			);
			path = Models;
			sourceTree = "<group>";
		};
		73FE282229E7B91300E66930 /* Views */ = {
			isa = PBXGroup;
			children = (
			);
			path = Views;
			sourceTree = "<group>";
		};
		73FE282329E7B91D00E66930 /* ViewModels */ = {
			isa = PBXGroup;
			children = (
			);
			path = ViewModels;
			sourceTree = "<group>";
		};
		73FE282429E7B92500E66930 /* APIClient */ = {
			isa = PBXGroup;
			children = (
				73FE283929E7D28A00E66930 /* RMService.swift */,
				73FE283B29E7D2A200E66930 /* RMRequest.swift */,
				73FE283D29E7D34E00E66930 /* RMEndpoint.swift */,
			);
			path = APIClient;
			sourceTree = "<group>";
		};
		73FE282529E7B93200E66930 /* Managers */ = {
			isa = PBXGroup;
			children = (
			);
			path = Managers;
			sourceTree = "<group>";
		};
		73FE282629E7B93F00E66930 /* Resources */ = {
			isa = PBXGroup;
			children = (
				73FE280B29E7AF6700E66930 /* AppDelegate.swift */,
				73FE281629E7AF6A00E66930 /* LaunchScreen.storyboard */,
				73FE281429E7AF6A00E66930 /* Assets.xcassets */,
				73FE280D29E7AF6700E66930 /* SceneDelegate.swift */,
			);
			path = Resources;
			sourceTree = "<group>";
		};
		73FE282E29E7BD0300E66930 /* Core */ = {
			isa = PBXGroup;
			children = (
				73FE282F29E7BD7900E66930 /* RMTabViewController.swift */,
				73FE283129E7BE0900E66930 /* RMCharecterViewController.swift */,
				73FE283329E7BEFE00E66930 /* RMLocationViewController.swift */,
				73FE283529E7BF4B00E66930 /* RMEpisodeViewController.swift */,
				73FE283729E7BF7900E66930 /* RMSettingViewController.swift */,
			);
			path = Core;
			sourceTree = "<group>";
		};
		73FE284729EF92B500E66930 /* DataTypes */ = {
			isa = PBXGroup;
			children = (
				73FE282729E7BC3300E66930 /* RMLocation.swift */,
				73FE282A29E7BC7B00E66930 /* RMEpisode.swift */,
				73FE284129E7D78800E66930 /* RMSingleLocation.swift */,
				73FE282C29E7BC9600E66930 /* RMCharacter.swift */,
				73FE284529E7D94400E66930 /* RMCharacterGender.swift */,
				73FE284329E7D91B00E66930 /* RMCharacterStatus.swift */,
				73FE283F29E7D70600E66930 /* RMOrigin.swift */,
			);
			path = DataTypes;
			sourceTree = "<group>";
		};
		73FE284929EF932400E66930 /* APIResponseTypes */ = {
			isa = PBXGroup;
			children = (
				73FE284A29EF936700E66930 /* RMGetAllCharatctersResponse.swift */,
			);
			path = APIResponseTypes;
			sourceTree = "<group>";
		};
/* End PBXGroup section */

/* Begin PBXNativeTarget section */
		73FE280729E7AF6700E66930 /* RickAndMorty */ = {
			isa = PBXNativeTarget;
			buildConfigurationList = 73FE281C29E7AF6A00E66930 /* Build configuration list for PBXNativeTarget "RickAndMorty" */;
			buildPhases = (
				73FE280429E7AF6700E66930 /* Sources */,
				73FE280529E7AF6700E66930 /* Frameworks */,
				73FE280629E7AF6700E66930 /* Resources */,
			);
			buildRules = (
			);
			dependencies = (
			);
			name = RickAndMorty;
			productName = RickAndMorty;
			productReference = 73FE280829E7AF6700E66930 /* RickAndMorty.app */;
			productType = "com.apple.product-type.application";
		};
/* End PBXNativeTarget section */

/* Begin PBXProject section */
		73FE280029E7AF6700E66930 /* Project object */ = {
			isa = PBXProject;
			attributes = {
				BuildIndependentTargetsInParallel = 1;
				LastSwiftUpdateCheck = 1430;
				LastUpgradeCheck = 1430;
				TargetAttributes = {
					73FE280729E7AF6700E66930 = {
						CreatedOnToolsVersion = 14.3;
					};
				};
			};
			buildConfigurationList = 73FE280329E7AF6700E66930 /* Build configuration list for PBXProject "RickAndMorty" */;
			compatibilityVersion = "Xcode 14.0";
			developmentRegion = en;
			hasScannedForEncodings = 0;
			knownRegions = (
				en,
				Base,
			);
			mainGroup = 73FE27FF29E7AF6700E66930;
			productRefGroup = 73FE280929E7AF6700E66930 /* Products */;
			projectDirPath = "";
			projectRoot = "";
			targets = (
				73FE280729E7AF6700E66930 /* RickAndMorty */,
			);
		};
/* End PBXProject section */

/* Begin PBXResourcesBuildPhase section */
		73FE280629E7AF6700E66930 /* Resources */ = {
			isa = PBXResourcesBuildPhase;
			buildActionMask = 2147483647;
			files = (
				73FE281829E7AF6A00E66930 /* LaunchScreen.storyboard in Resources */,
				73FE281529E7AF6A00E66930 /* Assets.xcassets in Resources */,
				73FE281329E7AF6800E66930 /* Main.storyboard in Resources */,
			);
			runOnlyForDeploymentPostprocessing = 0;
		};
/* End PBXResourcesBuildPhase section */

/* Begin PBXSourcesBuildPhase section */
		73FE280429E7AF6700E66930 /* Sources */ = {
			isa = PBXSourcesBuildPhase;
			buildActionMask = 2147483647;
			files = (
				73FE283429E7BEFE00E66930 /* RMLocationViewController.swift in Sources */,
				73FE284229E7D78800E66930 /* RMSingleLocation.swift in Sources */,
				73FE284429E7D91B00E66930 /* RMCharacterStatus.swift in Sources */,
				73FE284629E7D94400E66930 /* RMCharacterGender.swift in Sources */,
				73FE282D29E7BC9600E66930 /* RMCharacter.swift in Sources */,
				73FE283029E7BD7900E66930 /* RMTabViewController.swift in Sources */,
				73FE283629E7BF4B00E66930 /* RMEpisodeViewController.swift in Sources */,
				73FE284B29EF936700E66930 /* RMGetAllCharatctersResponse.swift in Sources */,
				73FE283829E7BF7900E66930 /* RMSettingViewController.swift in Sources */,
				73FE283229E7BE0900E66930 /* RMCharecterViewController.swift in Sources */,
				73FE280C29E7AF6700E66930 /* AppDelegate.swift in Sources */,
				73FE283A29E7D28A00E66930 /* RMService.swift in Sources */,
				73FE282B29E7BC7B00E66930 /* RMEpisode.swift in Sources */,
				73FE284029E7D70600E66930 /* RMOrigin.swift in Sources */,
				73FE283E29E7D34E00E66930 /* RMEndpoint.swift in Sources */,
				73FE280E29E7AF6700E66930 /* SceneDelegate.swift in Sources */,
				73FE283C29E7D2A200E66930 /* RMRequest.swift in Sources */,
				73FE282829E7BC3300E66930 /* RMLocation.swift in Sources */,
			);
			runOnlyForDeploymentPostprocessing = 0;
		};
/* End PBXSourcesBuildPhase section */

/* Begin PBXVariantGroup section */
		73FE281129E7AF6800E66930 /* Main.storyboard */ = {
			isa = PBXVariantGroup;
			children = (
				73FE281229E7AF6800E66930 /* Base */,
			);
			name = Main.storyboard;
			sourceTree = "<group>";
		};
		73FE281629E7AF6A00E66930 /* LaunchScreen.storyboard */ = {
			isa = PBXVariantGroup;
			children = (
				73FE281729E7AF6A00E66930 /* Base */,
			);
			name = LaunchScreen.storyboard;
			sourceTree = "<group>";
		};
/* End PBXVariantGroup section */

/* Begin XCBuildConfiguration section */
		73FE281A29E7AF6A00E66930 /* Debug */ = {
			isa = XCBuildConfiguration;
			buildSettings = {
				ALWAYS_SEARCH_USER_PATHS = NO;
				CLANG_ANALYZER_NONNULL = YES;
				CLANG_ANALYZER_NUMBER_OBJECT_CONVERSION = YES_AGGRESSIVE;
				CLANG_CXX_LANGUAGE_STANDARD = "gnu++20";
				CLANG_ENABLE_MODULES = YES;
				CLANG_ENABLE_OBJC_ARC = YES;
				CLANG_ENABLE_OBJC_WEAK = YES;
				CLANG_WARN_BLOCK_CAPTURE_AUTORELEASING = YES;
				CLANG_WARN_BOOL_CONVERSION = YES;
				CLANG_WARN_COMMA = YES;
				CLANG_WARN_CONSTANT_CONVERSION = YES;
				CLANG_WARN_DEPRECATED_OBJC_IMPLEMENTATIONS = YES;
				CLANG_WARN_DIRECT_OBJC_ISA_USAGE = YES_ERROR;
				CLANG_WARN_DOCUMENTATION_COMMENTS = YES;
				CLANG_WARN_EMPTY_BODY = YES;
				CLANG_WARN_ENUM_CONVERSION = YES;
				CLANG_WARN_INFINITE_RECURSION = YES;
				CLANG_WARN_INT_CONVERSION = YES;
				CLANG_WARN_NON_LITERAL_NULL_CONVERSION = YES;
				CLANG_WARN_OBJC_IMPLICIT_RETAIN_SELF = YES;
				CLANG_WARN_OBJC_LITERAL_CONVERSION = YES;
				CLANG_WARN_OBJC_ROOT_CLASS = YES_ERROR;
				CLANG_WARN_QUOTED_INCLUDE_IN_FRAMEWORK_HEADER = YES;
				CLANG_WARN_RANGE_LOOP_ANALYSIS = YES;
				CLANG_WARN_STRICT_PROTOTYPES = YES;
				CLANG_WARN_SUSPICIOUS_MOVE = YES;
				CLANG_WARN_UNGUARDED_AVAILABILITY = YES_AGGRESSIVE;
				CLANG_WARN_UNREACHABLE_CODE = YES;
				CLANG_WARN__DUPLICATE_METHOD_MATCH = YES;
				COPY_PHASE_STRIP = NO;
				DEBUG_INFORMATION_FORMAT = dwarf;
				ENABLE_STRICT_OBJC_MSGSEND = YES;
				ENABLE_TESTABILITY = YES;
				GCC_C_LANGUAGE_STANDARD = gnu11;
				GCC_DYNAMIC_NO_PIC = NO;
				GCC_NO_COMMON_BLOCKS = YES;
				GCC_OPTIMIZATION_LEVEL = 0;
				GCC_PREPROCESSOR_DEFINITIONS = (
					"DEBUG=1",
					"$(inherited)",
				);
				GCC_WARN_64_TO_32_BIT_CONVERSION = YES;
				GCC_WARN_ABOUT_RETURN_TYPE = YES_ERROR;
				GCC_WARN_UNDECLARED_SELECTOR = YES;
				GCC_WARN_UNINITIALIZED_AUTOS = YES_AGGRESSIVE;
				GCC_WARN_UNUSED_FUNCTION = YES;
				GCC_WARN_UNUSED_VARIABLE = YES;
				IPHONEOS_DEPLOYMENT_TARGET = 16.4;
				MTL_ENABLE_DEBUG_INFO = INCLUDE_SOURCE;
				MTL_FAST_MATH = YES;
				ONLY_ACTIVE_ARCH = YES;
				SDKROOT = iphoneos;
				SWIFT_ACTIVE_COMPILATION_CONDITIONS = DEBUG;
				SWIFT_OPTIMIZATION_LEVEL = "-Onone";
			};
			name = Debug;
		};
		73FE281B29E7AF6A00E66930 /* Release */ = {
			isa = XCBuildConfiguration;
			buildSettings = {
				ALWAYS_SEARCH_USER_PATHS = NO;
				CLANG_ANALYZER_NONNULL = YES;
				CLANG_ANALYZER_NUMBER_OBJECT_CONVERSION = YES_AGGRESSIVE;
				CLANG_CXX_LANGUAGE_STANDARD = "gnu++20";
				CLANG_ENABLE_MODULES = YES;
				CLANG_ENABLE_OBJC_ARC = YES;
				CLANG_ENABLE_OBJC_WEAK = YES;
				CLANG_WARN_BLOCK_CAPTURE_AUTORELEASING = YES;
				CLANG_WARN_BOOL_CONVERSION = YES;
				CLANG_WARN_COMMA = YES;
				CLANG_WARN_CONSTANT_CONVERSION = YES;
				CLANG_WARN_DEPRECATED_OBJC_IMPLEMENTATIONS = YES;
				CLANG_WARN_DIRECT_OBJC_ISA_USAGE = YES_ERROR;
				CLANG_WARN_DOCUMENTATION_COMMENTS = YES;
				CLANG_WARN_EMPTY_BODY = YES;
				CLANG_WARN_ENUM_CONVERSION = YES;
				CLANG_WARN_INFINITE_RECURSION = YES;
				CLANG_WARN_INT_CONVERSION = YES;
				CLANG_WARN_NON_LITERAL_NULL_CONVERSION = YES;
				CLANG_WARN_OBJC_IMPLICIT_RETAIN_SELF = YES;
				CLANG_WARN_OBJC_LITERAL_CONVERSION = YES;
				CLANG_WARN_OBJC_ROOT_CLASS = YES_ERROR;
				CLANG_WARN_QUOTED_INCLUDE_IN_FRAMEWORK_HEADER = YES;
				CLANG_WARN_RANGE_LOOP_ANALYSIS = YES;
				CLANG_WARN_STRICT_PROTOTYPES = YES;
				CLANG_WARN_SUSPICIOUS_MOVE = YES;
				CLANG_WARN_UNGUARDED_AVAILABILITY = YES_AGGRESSIVE;
				CLANG_WARN_UNREACHABLE_CODE = YES;
				CLANG_WARN__DUPLICATE_METHOD_MATCH = YES;
				COPY_PHASE_STRIP = NO;
				DEBUG_INFORMATION_FORMAT = "dwarf-with-dsym";
				ENABLE_NS_ASSERTIONS = NO;
				ENABLE_STRICT_OBJC_MSGSEND = YES;
				GCC_C_LANGUAGE_STANDARD = gnu11;
				GCC_NO_COMMON_BLOCKS = YES;
				GCC_WARN_64_TO_32_BIT_CONVERSION = YES;
				GCC_WARN_ABOUT_RETURN_TYPE = YES_ERROR;
				GCC_WARN_UNDECLARED_SELECTOR = YES;
				GCC_WARN_UNINITIALIZED_AUTOS = YES_AGGRESSIVE;
				GCC_WARN_UNUSED_FUNCTION = YES;
				GCC_WARN_UNUSED_VARIABLE = YES;
				IPHONEOS_DEPLOYMENT_TARGET = 16.4;
				MTL_ENABLE_DEBUG_INFO = NO;
				MTL_FAST_MATH = YES;
				SDKROOT = iphoneos;
				SWIFT_COMPILATION_MODE = wholemodule;
				SWIFT_OPTIMIZATION_LEVEL = "-O";
				VALIDATE_PRODUCT = YES;
			};
			name = Release;
		};
		73FE281D29E7AF6A00E66930 /* Debug */ = {
			isa = XCBuildConfiguration;
			buildSettings = {
				ASSETCATALOG_COMPILER_APPICON_NAME = AppIcon;
				ASSETCATALOG_COMPILER_GLOBAL_ACCENT_COLOR_NAME = AccentColor;
				CODE_SIGN_STYLE = Automatic;
				CURRENT_PROJECT_VERSION = 1;
				GENERATE_INFOPLIST_FILE = YES;
				INFOPLIST_FILE = RickAndMorty/Info.plist;
				INFOPLIST_KEY_UIApplicationSupportsIndirectInputEvents = YES;
				INFOPLIST_KEY_UILaunchStoryboardName = LaunchScreen;
				INFOPLIST_KEY_UISupportedInterfaceOrientations_iPad = "UIInterfaceOrientationPortrait UIInterfaceOrientationPortraitUpsideDown UIInterfaceOrientationLandscapeLeft UIInterfaceOrientationLandscapeRight";
				INFOPLIST_KEY_UISupportedInterfaceOrientations_iPhone = "UIInterfaceOrientationPortrait UIInterfaceOrientationLandscapeLeft UIInterfaceOrientationLandscapeRight";
				LD_RUNPATH_SEARCH_PATHS = (
					"$(inherited)",
					"@executable_path/Frameworks",
				);
				MARKETING_VERSION = 1.0;
				PRODUCT_BUNDLE_IDENTIFIER = None.RickAndMorty;
				PRODUCT_NAME = "$(TARGET_NAME)";
				SWIFT_EMIT_LOC_STRINGS = YES;
				SWIFT_VERSION = 5.0;
				TARGETED_DEVICE_FAMILY = "1,2";
			};
			name = Debug;
		};
		73FE281E29E7AF6A00E66930 /* Release */ = {
			isa = XCBuildConfiguration;
			buildSettings = {
				ASSETCATALOG_COMPILER_APPICON_NAME = AppIcon;
				ASSETCATALOG_COMPILER_GLOBAL_ACCENT_COLOR_NAME = AccentColor;
				CODE_SIGN_STYLE = Automatic;
				CURRENT_PROJECT_VERSION = 1;
				GENERATE_INFOPLIST_FILE = YES;
				INFOPLIST_FILE = RickAndMorty/Info.plist;
				INFOPLIST_KEY_UIApplicationSupportsIndirectInputEvents = YES;
				INFOPLIST_KEY_UILaunchStoryboardName = LaunchScreen;
				INFOPLIST_KEY_UISupportedInterfaceOrientations_iPad = "UIInterfaceOrientationPortrait UIInterfaceOrientationPortraitUpsideDown UIInterfaceOrientationLandscapeLeft UIInterfaceOrientationLandscapeRight";
				INFOPLIST_KEY_UISupportedInterfaceOrientations_iPhone = "UIInterfaceOrientationPortrait UIInterfaceOrientationLandscapeLeft UIInterfaceOrientationLandscapeRight";
				LD_RUNPATH_SEARCH_PATHS = (
					"$(inherited)",
					"@executable_path/Frameworks",
				);
				MARKETING_VERSION = 1.0;
				PRODUCT_BUNDLE_IDENTIFIER = None.RickAndMorty;
				PRODUCT_NAME = "$(TARGET_NAME)";
				SWIFT_EMIT_LOC_STRINGS = YES;
				SWIFT_VERSION = 5.0;
				TARGETED_DEVICE_FAMILY = "1,2";
			};
			name = Release;
		};
/* End XCBuildConfiguration section */

/* Begin XCConfigurationList section */
		73FE280329E7AF6700E66930 /* Build configuration list for PBXProject "RickAndMorty" */ = {
			isa = XCConfigurationList;
			buildConfigurations = (
				73FE281A29E7AF6A00E66930 /* Debug */,
				73FE281B29E7AF6A00E66930 /* Release */,
			);
			defaultConfigurationIsVisible = 0;
			defaultConfigurationName = Release;
		};
		73FE281C29E7AF6A00E66930 /* Build configuration list for PBXNativeTarget "RickAndMorty" */ = {
			isa = XCConfigurationList;
			buildConfigurations = (
				73FE281D29E7AF6A00E66930 /* Debug */,
				73FE281E29E7AF6A00E66930 /* Release */,
			);
			defaultConfigurationIsVisible = 0;
			defaultConfigurationName = Release;
		};
/* End XCConfigurationList section */
	};
	rootObject = 73FE280029E7AF6700E66930 /* Project object */;
}
